
Microsoft Visual Studio Solution File, Format Version 12.00
# Visual Studio Version 17
VisualStudioVersion = 17.14.36301.6 d17.14
MinimumVisualStudioVersion = 10.0.40219.1
Project("{FAE04EC0-301F-11D3-BF4B-00C04F79EFBC}") = "KudoskibidiWPF", "KudoskibidiWPF\KudoskibidiWPF.csproj", "{9F38164E-576E-43AD-9108-AD09F0ED82F0}"
EndProject
Project("{FAE04EC0-301F-11D3-BF4B-00C04F79EFBC}") = "DAL", "DAL\DAL.csproj", "{A786AD5F-EF29-49C7-80FE-5E1FAF478E3A}"
EndProject
Project("{FAE04EC0-301F-11D3-BF4B-00C04F79EFBC}") = "BLL", "BLL\BLL.csproj", "{D1884F62-8552-44C0-B4C8-128C63ADF949}"
EndProject
Global
	GlobalSection(SolutionConfigurationPlatforms) = preSolution
		Debug|Any CPU = Debug|Any CPU
		Release|Any CPU = Release|Any CPU
	EndGlobalSection
	GlobalSection(ProjectConfigurationPlatforms) = postSolution
		{9F38164E-576E-43AD-9108-AD09F0ED82F0}.Debug|Any CPU.ActiveCfg = Debug|Any CPU
		{9F38164E-576E-43AD-9108-AD09F0ED82F0}.Debug|Any CPU.Build.0 = Debug|Any CPU
		{9F38164E-576E-43AD-9108-AD09F0ED82F0}.Release|Any CPU.ActiveCfg = Release|Any CPU
		{9F38164E-576E-43AD-9108-AD09F0ED82F0}.Release|Any CPU.Build.0 = Release|Any CPU
		{A786AD5F-EF29-49C7-80FE-5E1FAF478E3A}.Debug|Any CPU.ActiveCfg = Debug|Any CPU
		{A786AD5F-EF29-49C7-80FE-5E1FAF478E3A}.Debug|Any CPU.Build.0 = Debug|Any CPU
		{A786AD5F-EF29-49C7-80FE-5E1FAF478E3A}.Release|Any CPU.ActiveCfg = Release|Any CPU
		{A786AD5F-EF29-49C7-80FE-5E1FAF478E3A}.Release|Any CPU.Build.0 = Release|Any CPU
		{D1884F62-8552-44C0-B4C8-128C63ADF949}.Debug|Any CPU.ActiveCfg = Debug|Any CPU
		{D1884F62-8552-44C0-B4C8-128C63ADF949}.Debug|Any CPU.Build.0 = Debug|Any CPU
		{D1884F62-8552-44C0-B4C8-128C63ADF949}.Release|Any CPU.ActiveCfg = Release|Any CPU
		{D1884F62-8552-44C0-B4C8-128C63ADF949}.Release|Any CPU.Build.0 = Release|Any CPU
	EndGlobalSection
	GlobalSection(SolutionProperties) = preSolution
		HideSolutionNode = FALSE
	EndGlobalSection
	GlobalSection(ExtensibilityGlobals) = postSolution
		SolutionGuid = {AAE8A573-E88B-4DD0-8B6D-0AB875F4E031}
	EndGlobalSection
EndGlobal
